
Microsoft Visual Studio Solution File, Format Version 12.00
# Visual Studio Version 17
VisualStudioVersion = 17.9.34728.123
MinimumVisualStudioVersion = 10.0.40219.1
Project("{FAE04EC0-301F-11D3-BF4B-00C04F79EFBC}") = "KB13120_IgbDataChart_IgbPolarLineSeries", "KB13120_IgbDataChart_IgbPolarLineSeries.csproj", "{7DA5F015-737B-4109-837E-B9722E350ACD}"
EndProject
Global
	GlobalSection(SolutionConfigurationPlatforms) = preSolution
		Debug|Any CPU = Debug|Any CPU
		Release|Any CPU = Release|Any CPU
	EndGlobalSection
	GlobalSection(ProjectConfigurationPlatforms) = postSolution
		{7DA5F015-737B-4109-837E-B9722E350ACD}.Debug|Any CPU.ActiveCfg = Debug|Any CPU
		{7DA5F015-737B-4109-837E-B9722E350ACD}.Debug|Any CPU.Build.0 = Debug|Any CPU
		{7DA5F015-737B-4109-837E-B9722E350ACD}.Release|Any CPU.ActiveCfg = Release|Any CPU
		{7DA5F015-737B-4109-837E-B9722E350ACD}.Release|Any CPU.Build.0 = Release|Any CPU
	EndGlobalSection
	GlobalSection(SolutionProperties) = preSolution
		HideSolutionNode = FALSE
	EndGlobalSection
	GlobalSection(ExtensibilityGlobals) = postSolution
		SolutionGuid = {393C3F0F-372B-4DE4-A507-C3BF5036D2CF}
	EndGlobalSection
EndGlobal
